
Microsoft Visual Studio Solution File, Format Version 12.00
# Visual Studio 2013
VisualStudioVersion = 12.0.21005.1
MinimumVisualStudioVersion = 10.0.40219.1
Project("{FAE04EC0-301F-11D3-BF4B-00C04F79EFBC}") = "VazheYab", "VazheYab\VazheYab.csproj", "{BDC72218-1471-4683-BAF6-4C4F954A441C}"
EndProject
Global
	GlobalSection(SolutionConfigurationPlatforms) = preSolution
		Debug|Any CPU = Debug|Any CPU
		Release|Any CPU = Release|Any CPU
	EndGlobalSection
	GlobalSection(ProjectConfigurationPlatforms) = postSolution
		{BDC72218-1471-4683-BAF6-4C4F954A441C}.Debug|Any CPU.ActiveCfg = Release|Any CPU
		{BDC72218-1471-4683-BAF6-4C4F954A441C}.Debug|Any CPU.Build.0 = Release|Any CPU
		{BDC72218-1471-4683-BAF6-4C4F954A441C}.Debug|Any CPU.Deploy.0 = Release|Any CPU
		{BDC72218-1471-4683-BAF6-4C4F954A441C}.Release|Any CPU.ActiveCfg = Release|Any CPU
		{BDC72218-1471-4683-BAF6-4C4F954A441C}.Release|Any CPU.Build.0 = Release|Any CPU
		{BDC72218-1471-4683-BAF6-4C4F954A441C}.Release|Any CPU.Deploy.0 = Release|Any CPU
	EndGlobalSection
	GlobalSection(SolutionProperties) = preSolution
		HideSolutionNode = FALSE
	EndGlobalSection
EndGlobal
